
Microsoft Visual Studio Solution File, Format Version 12.00
Project("{FAE04EC0-301F-11D3-BF4B-00C04F79EFBC}") = "Ecommerce.Web", "Ecommerce.Web\Ecommerce.Web.csproj", "{95138267-220A-4A28-9DD2-34E0537A3738}"
EndProject
Project("{FAE04EC0-301F-11D3-BF4B-00C04F79EFBC}") = "Ecommerce.Repository", "Ecommerce.Repository\Ecommerce.Repository.csproj", "{F43617B2-B174-4A44-984B-EF991B34AD8C}"
EndProject
Project("{FAE04EC0-301F-11D3-BF4B-00C04F79EFBC}") = "Ecommerce.Domain", "Ecommerce.Domain\Ecommerce.Domain.csproj", "{299A94DD-7E4D-40DC-B7B4-F1D6CF896052}"
EndProject
Project("{FAE04EC0-301F-11D3-BF4B-00C04F79EFBC}") = "Ecommerce.Data", "Ecommerce.Data\Ecommerce.Data.csproj", "{1DB8E4F4-22EB-40BF-AB22-9FD772BB2A9E}"
EndProject
Project("{FAE04EC0-301F-11D3-BF4B-00C04F79EFBC}") = "Ecommerce.Services", "Ecommerce.Services\Ecommerce.Services.csproj", "{FD1E57DD-D973-4260-B1B4-36C8832BCAD7}"
EndProject
Global
	GlobalSection(SolutionConfigurationPlatforms) = preSolution
		Debug|Any CPU = Debug|Any CPU
		Release|Any CPU = Release|Any CPU
	EndGlobalSection
	GlobalSection(ProjectConfigurationPlatforms) = postSolution
		{95138267-220A-4A28-9DD2-34E0537A3738}.Debug|Any CPU.ActiveCfg = Debug|Any CPU
		{95138267-220A-4A28-9DD2-34E0537A3738}.Debug|Any CPU.Build.0 = Debug|Any CPU
		{95138267-220A-4A28-9DD2-34E0537A3738}.Release|Any CPU.ActiveCfg = Release|Any CPU
		{95138267-220A-4A28-9DD2-34E0537A3738}.Release|Any CPU.Build.0 = Release|Any CPU
		{F43617B2-B174-4A44-984B-EF991B34AD8C}.Debug|Any CPU.ActiveCfg = Debug|Any CPU
		{F43617B2-B174-4A44-984B-EF991B34AD8C}.Debug|Any CPU.Build.0 = Debug|Any CPU
		{F43617B2-B174-4A44-984B-EF991B34AD8C}.Release|Any CPU.ActiveCfg = Release|Any CPU
		{F43617B2-B174-4A44-984B-EF991B34AD8C}.Release|Any CPU.Build.0 = Release|Any CPU
		{299A94DD-7E4D-40DC-B7B4-F1D6CF896052}.Debug|Any CPU.ActiveCfg = Debug|Any CPU
		{299A94DD-7E4D-40DC-B7B4-F1D6CF896052}.Debug|Any CPU.Build.0 = Debug|Any CPU
		{299A94DD-7E4D-40DC-B7B4-F1D6CF896052}.Release|Any CPU.ActiveCfg = Release|Any CPU
		{299A94DD-7E4D-40DC-B7B4-F1D6CF896052}.Release|Any CPU.Build.0 = Release|Any CPU
		{1DB8E4F4-22EB-40BF-AB22-9FD772BB2A9E}.Debug|Any CPU.ActiveCfg = Debug|Any CPU
		{1DB8E4F4-22EB-40BF-AB22-9FD772BB2A9E}.Debug|Any CPU.Build.0 = Debug|Any CPU
		{1DB8E4F4-22EB-40BF-AB22-9FD772BB2A9E}.Release|Any CPU.ActiveCfg = Release|Any CPU
		{1DB8E4F4-22EB-40BF-AB22-9FD772BB2A9E}.Release|Any CPU.Build.0 = Release|Any CPU
		{FD1E57DD-D973-4260-B1B4-36C8832BCAD7}.Debug|Any CPU.ActiveCfg = Debug|Any CPU
		{FD1E57DD-D973-4260-B1B4-36C8832BCAD7}.Debug|Any CPU.Build.0 = Debug|Any CPU
		{FD1E57DD-D973-4260-B1B4-36C8832BCAD7}.Release|Any CPU.ActiveCfg = Release|Any CPU
		{FD1E57DD-D973-4260-B1B4-36C8832BCAD7}.Release|Any CPU.Build.0 = Release|Any CPU
	EndGlobalSection
EndGlobal
